{
  "name": "proiect_tw_spider_webs",
  "lockfileVersion": 2,
  "requires": true,
  "packages": {
    "": {
      "dependencies": {
        "data-format": "^2.0.0"
      }
    },
    "node_modules/browser-fingerprint": {
      "version": "0.0.1",
      "resolved": "https://registry.npmjs.org/browser-fingerprint/-/browser-fingerprint-0.0.1.tgz",
      "integrity": "sha512-b8SXP7yOlzLUJXF8WUvIjmbJzkJC0X6OHe7J9a/SHqEBC7a9Eglag6AANSTJz82h5U582kuxm/5TPudnD68EPA=="
    },
    "node_modules/core-js": {
      "version": "1.2.7",
      "resolved": "https://registry.npmjs.org/core-js/-/core-js-1.2.7.tgz",
      "integrity": "sha512-ZiPp9pZlgxpWRu0M+YWbm6+aQ84XEfH1JRXvfOc/fILWI0VKhLC2LX13X1NYq4fULzLMq7Hfh43CSo2/aIaUPA==",
      "deprecated": "core-js@<3.23.3 is no longer maintained and not recommended for usage due to the number of issues. Because of the V8 engine whims, feature detection in old core-js versions could cause a slowdown up to 100x even if nothing is polyfilled. Some versions have web compatibility issues. Please, upgrade your dependencies to the actual version of core-js."
    },
    "node_modules/cuid": {
      "version": "1.3.8",
      "resolved": "https://registry.npmjs.org/cuid/-/cuid-1.3.8.tgz",
      "integrity": "sha512-MoL67ZZuBetDMxzrZtO+Iq1ATajFACQCP52QRinBgd3yTjYdv54mJO8ibUrh06fojKCoX5P2i7KkEatm4VTIOQ==",
      "dependencies": {
        "browser-fingerprint": "0.0.1",
        "core-js": "^1.1.1",
        "node-fingerprint": "0.0.2"
      }
    },
    "node_modules/data-format": {
      "version": "2.0.0",
      "resolved": "https://registry.npmjs.org/data-format/-/data-format-2.0.0.tgz",
      "integrity": "sha512-d111M9OmEedAV5P4mgFZ8b1h74XA8NfF5T/qt+xWxg5pNs+zs2b2hRy8hMUJcuMPpqHgAnyKjZ9w6GG/v8KH8A==",
      "dependencies": {
        "cuid": "^1.3.8",
        "extend": "^3.0.0",
        "is-geojson": "^1.0.1",
        "is-my-json-valid": "^2.16.0",
        "type-of": "^2.0.1"
      }
    },
    "node_modules/extend": {
      "version": "3.0.2",
      "resolved": "https://registry.npmjs.org/extend/-/extend-3.0.2.tgz",
      "integrity": "sha512-fjquC59cD7CyW6urNXK0FBufkZcoiGG80wTuPujX590cB5Ttln20E2UB4S/WARVqhXffZl2LNgS+gQdPIIim/g=="
    },
    "node_modules/generate-function": {
      "version": "2.3.1",
      "resolved": "https://registry.npmjs.org/generate-function/-/generate-function-2.3.1.tgz",
      "integrity": "sha512-eeB5GfMNeevm/GRYq20ShmsaGcmI81kIX2K9XQx5miC8KdHaC6Jm0qQ8ZNeGOi7wYB8OsdxKs+Y2oVuTFuVwKQ==",
      "dependencies": {
        "is-property": "^1.0.2"
      }
    },
    "node_modules/generate-object-property": {
      "version": "1.2.0",
      "resolved": "https://registry.npmjs.org/generate-object-property/-/generate-object-property-1.2.0.tgz",
      "integrity": "sha512-TuOwZWgJ2VAMEGJvAyPWvpqxSANF0LDpmyHauMjFYzaACvn+QTT/AZomvPCzVBV7yDN3OmwHQ5OvHaeLKre3JQ==",
      "dependencies": {
        "is-property": "^1.0.0"
      }
    },
    "node_modules/is-geojson": {
      "version": "1.0.2",
      "resolved": "https://registry.npmjs.org/is-geojson/-/is-geojson-1.0.2.tgz",
      "integrity": "sha512-KbKws4aseaWrd3dc0pgLZQPbDR9yXHBAjOvk/eH+DrnjxyTRhvhFhnXxUwDSP+BVbZbuk2mCpLpZZqW/tVb7nw=="
    },
    "node_modules/is-my-ip-valid": {
      "version": "1.0.1",
      "resolved": "https://registry.npmjs.org/is-my-ip-valid/-/is-my-ip-valid-1.0.1.tgz",
      "integrity": "sha512-jxc8cBcOWbNK2i2aTkCZP6i7wkHF1bqKFrwEHuN5Jtg5BSaZHUZQ/JTOJwoV41YvHnOaRyWWh72T/KvfNz9DJg=="
    },
    "node_modules/is-my-json-valid": {
      "version": "2.20.6",
      "resolved": "https://registry.npmjs.org/is-my-json-valid/-/is-my-json-valid-2.20.6.tgz",
      "integrity": "sha512-1JQwulVNjx8UqkPE/bqDaxtH4PXCe/2VRh/y3p99heOV87HG4Id5/VfDswd+YiAfHcRTfDlWgISycnHuhZq1aw==",
      "dependencies": {
        "generate-function": "^2.0.0",
        "generate-object-property": "^1.1.0",
        "is-my-ip-valid": "^1.0.0",
        "jsonpointer": "^5.0.0",
        "xtend": "^4.0.0"
      }
    },
    "node_modules/is-property": {
      "version": "1.0.2",
      "resolved": "https://registry.npmjs.org/is-property/-/is-property-1.0.2.tgz",
      "integrity": "sha512-Ks/IoX00TtClbGQr4TWXemAnktAQvYB7HzcCxDGqEZU6oCmb2INHuOoKxbtR+HFkmYWBKv/dOZtGRiAjDhj92g=="
    },
    "node_modules/jsonpointer": {
      "version": "5.0.1",
      "resolved": "https://registry.npmjs.org/jsonpointer/-/jsonpointer-5.0.1.tgz",
      "integrity": "sha512-p/nXbhSEcu3pZRdkW1OfJhpsVtW1gd4Wa1fnQc9YLiTfAjn0312eMKimbdIQzuZl9aa9xUGaRlP9T/CJE/ditQ==",
      "engines": {
        "node": ">=0.10.0"
      }
    },
    "node_modules/node-fingerprint": {
      "version": "0.0.2",
      "resolved": "https://registry.npmjs.org/node-fingerprint/-/node-fingerprint-0.0.2.tgz",
      "integrity": "sha512-vPFfTD5EBJieQ4SI3v61fWxlV1kav3m9Dbejd6CjWhOJn8s+XMxpOOosCNAyIrUQ/jJOlPndfrZ0lSw4+RgwcA=="
    },
    "node_modules/type-of": {
      "version": "2.0.1",
      "resolved": "https://registry.npmjs.org/type-of/-/type-of-2.0.1.tgz",
      "integrity": "sha512-39wxbwHdQ2sTiBB8wAzKfQ9GN+om8w+sjNWzr+vZJR5AMD5J+J7Yc8AtXnU9r/r2c8XiDZ/smxutDmZehX/qpQ=="
    },
    "node_modules/xtend": {
      "version": "4.0.2",
      "resolved": "https://registry.npmjs.org/xtend/-/xtend-4.0.2.tgz",
      "integrity": "sha512-LKYU1iAXJXUgAXn9URjiu+MWhyUXHsvfp7mcuYm9dSUKK0/CjtrUwFAxD82/mCWbtLsGjFIad0wIsod4zrTAEQ==",
      "engines": {
        "node": ">=0.4"
      }
    }
  },
  "dependencies": {
    "browser-fingerprint": {
      "version": "0.0.1",
      "resolved": "https://registry.npmjs.org/browser-fingerprint/-/browser-fingerprint-0.0.1.tgz",
      "integrity": "sha512-b8SXP7yOlzLUJXF8WUvIjmbJzkJC0X6OHe7J9a/SHqEBC7a9Eglag6AANSTJz82h5U582kuxm/5TPudnD68EPA=="
    },
    "core-js": {
      "version": "1.2.7",
      "resolved": "https://registry.npmjs.org/core-js/-/core-js-1.2.7.tgz",
      "integrity": "sha512-ZiPp9pZlgxpWRu0M+YWbm6+aQ84XEfH1JRXvfOc/fILWI0VKhLC2LX13X1NYq4fULzLMq7Hfh43CSo2/aIaUPA=="
    },
    "cuid": {
      "version": "1.3.8",
      "resolved": "https://registry.npmjs.org/cuid/-/cuid-1.3.8.tgz",
      "integrity": "sha512-MoL67ZZuBetDMxzrZtO+Iq1ATajFACQCP52QRinBgd3yTjYdv54mJO8ibUrh06fojKCoX5P2i7KkEatm4VTIOQ==",
      "requires": {
        "browser-fingerprint": "0.0.1",
        "core-js": "^1.1.1",
        "node-fingerprint": "0.0.2"
      }
    },
    "data-format": {
      "version": "2.0.0",
      "resolved": "https://registry.npmjs.org/data-format/-/data-format-2.0.0.tgz",
      "integrity": "sha512-d111M9OmEedAV5P4mgFZ8b1h74XA8NfF5T/qt+xWxg5pNs+zs2b2hRy8hMUJcuMPpqHgAnyKjZ9w6GG/v8KH8A==",
      "requires": {
        "cuid": "^1.3.8",
        "extend": "^3.0.0",
        "is-geojson": "^1.0.1",
        "is-my-json-valid": "^2.16.0",
        "type-of": "^2.0.1"
      }
    },
    "extend": {
      "version": "3.0.2",
      "resolved": "https://registry.npmjs.org/extend/-/extend-3.0.2.tgz",
      "integrity": "sha512-fjquC59cD7CyW6urNXK0FBufkZcoiGG80wTuPujX590cB5Ttln20E2UB4S/WARVqhXffZl2LNgS+gQdPIIim/g=="
    },
    "generate-function": {
      "version": "2.3.1",
      "resolved": "https://registry.npmjs.org/generate-function/-/generate-function-2.3.1.tgz",
      "integrity": "sha512-eeB5GfMNeevm/GRYq20ShmsaGcmI81kIX2K9XQx5miC8KdHaC6Jm0qQ8ZNeGOi7wYB8OsdxKs+Y2oVuTFuVwKQ==",
      "requires": {
        "is-property": "^1.0.2"
      }
    },
    "generate-object-property": {
      "version": "1.2.0",
      "resolved": "https://registry.npmjs.org/generate-object-property/-/generate-object-property-1.2.0.tgz",
      "integrity": "sha512-TuOwZWgJ2VAMEGJvAyPWvpqxSANF0LDpmyHauMjFYzaACvn+QTT/AZomvPCzVBV7yDN3OmwHQ5OvHaeLKre3JQ==",
      "requires": {
        "is-property": "^1.0.0"
      }
    },
    "is-geojson": {
      "version": "1.0.2",
      "resolved": "https://registry.npmjs.org/is-geojson/-/is-geojson-1.0.2.tgz",
      "integrity": "sha512-KbKws4aseaWrd3dc0pgLZQPbDR9yXHBAjOvk/eH+DrnjxyTRhvhFhnXxUwDSP+BVbZbuk2mCpLpZZqW/tVb7nw=="
    },
    "is-my-ip-valid": {
      "version": "1.0.1",
      "resolved": "https://registry.npmjs.org/is-my-ip-valid/-/is-my-ip-valid-1.0.1.tgz",
      "integrity": "sha512-jxc8cBcOWbNK2i2aTkCZP6i7wkHF1bqKFrwEHuN5Jtg5BSaZHUZQ/JTOJwoV41YvHnOaRyWWh72T/KvfNz9DJg=="
    },
    "is-my-json-valid": {
      "version": "2.20.6",
      "resolved": "https://registry.npmjs.org/is-my-json-valid/-/is-my-json-valid-2.20.6.tgz",
      "integrity": "sha512-1JQwulVNjx8UqkPE/bqDaxtH4PXCe/2VRh/y3p99heOV87HG4Id5/VfDswd+YiAfHcRTfDlWgISycnHuhZq1aw==",
      "requires": {
        "generate-function": "^2.0.0",
        "generate-object-property": "^1.1.0",
        "is-my-ip-valid": "^1.0.0",
        "jsonpointer": "^5.0.0",
        "xtend": "^4.0.0"
      }
    },
    "is-property": {
      "version": "1.0.2",
      "resolved": "https://registry.npmjs.org/is-property/-/is-property-1.0.2.tgz",
      "integrity": "sha512-Ks/IoX00TtClbGQr4TWXemAnktAQvYB7HzcCxDGqEZU6oCmb2INHuOoKxbtR+HFkmYWBKv/dOZtGRiAjDhj92g=="
    },
    "jsonpointer": {
      "version": "5.0.1",
      "resolved": "https://registry.npmjs.org/jsonpointer/-/jsonpointer-5.0.1.tgz",
      "integrity": "sha512-p/nXbhSEcu3pZRdkW1OfJhpsVtW1gd4Wa1fnQc9YLiTfAjn0312eMKimbdIQzuZl9aa9xUGaRlP9T/CJE/ditQ=="
    },
    "node-fingerprint": {
      "version": "0.0.2",
      "resolved": "https://registry.npmjs.org/node-fingerprint/-/node-fingerprint-0.0.2.tgz",
      "integrity": "sha512-vPFfTD5EBJieQ4SI3v61fWxlV1kav3m9Dbejd6CjWhOJn8s+XMxpOOosCNAyIrUQ/jJOlPndfrZ0lSw4+RgwcA=="
    },
    "type-of": {
      "version": "2.0.1",
      "resolved": "https://registry.npmjs.org/type-of/-/type-of-2.0.1.tgz",
      "integrity": "sha512-39wxbwHdQ2sTiBB8wAzKfQ9GN+om8w+sjNWzr+vZJR5AMD5J+J7Yc8AtXnU9r/r2c8XiDZ/smxutDmZehX/qpQ=="
    },
    "xtend": {
      "version": "4.0.2",
      "resolved": "https://registry.npmjs.org/xtend/-/xtend-4.0.2.tgz",
      "integrity": "sha512-LKYU1iAXJXUgAXn9URjiu+MWhyUXHsvfp7mcuYm9dSUKK0/CjtrUwFAxD82/mCWbtLsGjFIad0wIsod4zrTAEQ=="
    }
  }
}
